
Microsoft Visual Studio Solution File, Format Version 12.00
# Visual Studio Version 16
VisualStudioVersion = 16.0.29519.87
MinimumVisualStudioVersion = 10.0.40219.1
Project("{FAE04EC0-301F-11D3-BF4B-00C04F79EFBC}") = "AltaCal", "AltaCal\AltaCal.csproj", "{9EAD3941-635C-4B03-94B5-1AF8D62FC938}"
EndProject
Global
	GlobalSection(SolutionConfigurationPlatforms) = preSolution
		Debug|Any CPU = Debug|Any CPU
		Release|Any CPU = Release|Any CPU
	EndGlobalSection
	GlobalSection(ProjectConfigurationPlatforms) = postSolution
		{9EAD3941-635C-4B03-94B5-1AF8D62FC938}.Debug|Any CPU.ActiveCfg = Debug|Any CPU
		{9EAD3941-635C-4B03-94B5-1AF8D62FC938}.Debug|Any CPU.Build.0 = Debug|Any CPU
		{9EAD3941-635C-4B03-94B5-1AF8D62FC938}.Release|Any CPU.ActiveCfg = Release|Any CPU
		{9EAD3941-635C-4B03-94B5-1AF8D62FC938}.Release|Any CPU.Build.0 = Release|Any CPU
	EndGlobalSection
	GlobalSection(SolutionProperties) = preSolution
		HideSolutionNode = FALSE
	EndGlobalSection
	GlobalSection(ExtensibilityGlobals) = postSolution
		SolutionGuid = {1CE15737-21F5-4D3C-AE0B-CA3764D92136}
	EndGlobalSection
EndGlobal
