
Microsoft Visual Studio Solution File, Format Version 12.00
# Visual Studio Version 16
VisualStudioVersion = 16.0.29009.5
MinimumVisualStudioVersion = 10.0.40219.1
Project("{F184B08F-C81C-45F6-A57F-5ABD9991F28F}") = "ExpenseIT", "ExpenseIT.vbproj", "{147E821D-C101-4DE3-A1D4-C66529C7793B}"
EndProject
Global
	GlobalSection(SolutionConfigurationPlatforms) = preSolution
		Debug|Any CPU = Debug|Any CPU
		Release|Any CPU = Release|Any CPU
	EndGlobalSection
	GlobalSection(ProjectConfigurationPlatforms) = postSolution
		{147E821D-C101-4DE3-A1D4-C66529C7793B}.Debug|Any CPU.ActiveCfg = Debug|Any CPU
		{147E821D-C101-4DE3-A1D4-C66529C7793B}.Debug|Any CPU.Build.0 = Debug|Any CPU
		{147E821D-C101-4DE3-A1D4-C66529C7793B}.Release|Any CPU.ActiveCfg = Release|Any CPU
		{147E821D-C101-4DE3-A1D4-C66529C7793B}.Release|Any CPU.Build.0 = Release|Any CPU
	EndGlobalSection
	GlobalSection(SolutionProperties) = preSolution
		HideSolutionNode = FALSE
	EndGlobalSection
	GlobalSection(ExtensibilityGlobals) = postSolution
		SolutionGuid = {C5251165-CED1-4326-B0D2-39DAB2A205B8}
	EndGlobalSection
EndGlobal
